
Microsoft Visual Studio Solution File, Format Version 12.00
# Visual Studio 14
VisualStudioVersion = 14.0.25123.0
MinimumVisualStudioVersion = 10.0.40219.1
Project("{68296E27-A1CD-472A-9D31-721AF0DB34E6}") = "Sitecore.Support.95531", "Sitecore.Support.95531\Sitecore.Support.95531.csproj", "{C9F67702-74DC-4F72-BB14-6A4DC384E9C9}"
EndProject
Global
	GlobalSection(SolutionConfigurationPlatforms) = preSolution
		Debug|Any CPU = Debug|Any CPU
		Release|Any CPU = Release|Any CPU
	EndGlobalSection
	GlobalSection(ProjectConfigurationPlatforms) = postSolution
		{C9F67702-74DC-4F72-BB14-6A4DC384E9C9}.Debug|Any CPU.ActiveCfg = Debug|Any CPU
		{C9F67702-74DC-4F72-BB14-6A4DC384E9C9}.Debug|Any CPU.Build.0 = Debug|Any CPU
		{C9F67702-74DC-4F72-BB14-6A4DC384E9C9}.Release|Any CPU.ActiveCfg = Release|Any CPU
		{C9F67702-74DC-4F72-BB14-6A4DC384E9C9}.Release|Any CPU.Build.0 = Release|Any CPU
	EndGlobalSection
	GlobalSection(SolutionProperties) = preSolution
		HideSolutionNode = FALSE
	EndGlobalSection
EndGlobal
